
Microsoft Visual Studio Solution File, Format Version 12.00
# Visual Studio Version 16
VisualStudioVersion = 16.0.808.4
MinimumVisualStudioVersion = 10.0.40219.1
Project("{FAE04EC0-301F-11D3-BF4B-00C04F79EFBC}") = "SampleAPIProject.ApplicationCore", "SampleAPIProject.ApplicationCore\SampleAPIProject.ApplicationCore.csproj", "{AB5270B2-F9BC-409A-85F2-1314F88C0CFC}"
EndProject
Project("{FAE04EC0-301F-11D3-BF4B-00C04F79EFBC}") = "SampleAPIProject.Infrastructure", "SampleAPIProject.Infrastructure\SampleAPIProject.Infrastructure.csproj", "{C75AB9FF-E123-4649-8031-A413DC74B13A}"
EndProject
Project("{FAE04EC0-301F-11D3-BF4B-00C04F79EFBC}") = "SampleAPIProject.Common", "SampleAPIProject.Common\SampleAPIProject.Common.csproj", "{03E8F005-0D7E-412B-BEDF-9D0AA3137DB2}"
EndProject
Project("{FAE04EC0-301F-11D3-BF4B-00C04F79EFBC}") = "SampleAPIProject.API", "SampleAPIProject.API\SampleAPIProject.API.csproj", "{B359451D-731A-45CA-80D2-2995CB78424C}"
EndProject
Global
	GlobalSection(SolutionConfigurationPlatforms) = preSolution
		Debug|Any CPU = Debug|Any CPU
		Release|Any CPU = Release|Any CPU
	EndGlobalSection
	GlobalSection(ProjectConfigurationPlatforms) = postSolution
		{AB5270B2-F9BC-409A-85F2-1314F88C0CFC}.Debug|Any CPU.ActiveCfg = Debug|Any CPU
		{AB5270B2-F9BC-409A-85F2-1314F88C0CFC}.Debug|Any CPU.Build.0 = Debug|Any CPU
		{AB5270B2-F9BC-409A-85F2-1314F88C0CFC}.Release|Any CPU.ActiveCfg = Release|Any CPU
		{AB5270B2-F9BC-409A-85F2-1314F88C0CFC}.Release|Any CPU.Build.0 = Release|Any CPU
		{C75AB9FF-E123-4649-8031-A413DC74B13A}.Debug|Any CPU.ActiveCfg = Debug|Any CPU
		{C75AB9FF-E123-4649-8031-A413DC74B13A}.Debug|Any CPU.Build.0 = Debug|Any CPU
		{C75AB9FF-E123-4649-8031-A413DC74B13A}.Release|Any CPU.ActiveCfg = Release|Any CPU
		{C75AB9FF-E123-4649-8031-A413DC74B13A}.Release|Any CPU.Build.0 = Release|Any CPU
		{03E8F005-0D7E-412B-BEDF-9D0AA3137DB2}.Debug|Any CPU.ActiveCfg = Debug|Any CPU
		{03E8F005-0D7E-412B-BEDF-9D0AA3137DB2}.Debug|Any CPU.Build.0 = Debug|Any CPU
		{03E8F005-0D7E-412B-BEDF-9D0AA3137DB2}.Release|Any CPU.ActiveCfg = Release|Any CPU
		{03E8F005-0D7E-412B-BEDF-9D0AA3137DB2}.Release|Any CPU.Build.0 = Release|Any CPU
		{B359451D-731A-45CA-80D2-2995CB78424C}.Debug|Any CPU.ActiveCfg = Debug|Any CPU
		{B359451D-731A-45CA-80D2-2995CB78424C}.Debug|Any CPU.Build.0 = Debug|Any CPU
		{B359451D-731A-45CA-80D2-2995CB78424C}.Release|Any CPU.ActiveCfg = Release|Any CPU
		{B359451D-731A-45CA-80D2-2995CB78424C}.Release|Any CPU.Build.0 = Release|Any CPU
	EndGlobalSection
	GlobalSection(SolutionProperties) = preSolution
		HideSolutionNode = FALSE
	EndGlobalSection
	GlobalSection(ExtensibilityGlobals) = postSolution
		SolutionGuid = {48130352-FFFA-4062-99AD-F5165CA43FE8}
	EndGlobalSection
EndGlobal
